PODS:
  - device_info_plus (0.0.1):
    - FlutterMacOS
  - FlutterMacOS (1.0.0)
  - irondash_engine_context (0.0.1):
    - FlutterMacOS
  - path_provider_foundation (0.0.1):
    - Flutter
    - FlutterMacOS
  - rive_common (0.0.1):
    - FlutterMacOS
  - screen_retriever (0.0.1):
    - FlutterMacOS
  - SQLCipher (4.5.6):
    - SQLCipher/standard (= 4.5.6)
  - SQLCipher/common (4.5.6)
  - SQLCipher/standard (4.5.6):
    - SQLCipher/common
  - sqlcipher_flutter_libs (0.0.1):
    - FlutterMacOS
    - SQLCipher (~> 4.5.6)
  - super_native_extensions (0.0.1):
    - FlutterMacOS
  - url_launcher_macos (0.0.1):
    - FlutterMacOS
  - window_manager (0.2.0):
    - FlutterMacOS

DEPENDENCIES:
  - device_info_plus (from `Flutter/ephemeral/.symlinks/plugins/device_info_plus/macos`)
  - FlutterMacOS (from `Flutter/ephemeral`)
  - irondash_engine_context (from `Flutter/ephemeral/.symlinks/plugins/irondash_engine_context/macos`)
  - path_provider_foundation (from `Flutter/ephemeral/.symlinks/plugins/path_provider_foundation/darwin`)
  - rive_common (from `Flutter/ephemeral/.symlinks/plugins/rive_common/macos`)
  - screen_retriever (from `Flutter/ephemeral/.symlinks/plugins/screen_retriever/macos`)
  - sqlcipher_flutter_libs (from `Flutter/ephemeral/.symlinks/plugins/sqlcipher_flutter_libs/macos`)
  - super_native_extensions (from `Flutter/ephemeral/.symlinks/plugins/super_native_extensions/macos`)
  - url_launcher_macos (from `Flutter/ephemeral/.symlinks/plugins/url_launcher_macos/macos`)
  - window_manager (from `Flutter/ephemeral/.symlinks/plugins/window_manager/macos`)

SPEC REPOS:
  trunk:
    - SQLCipher

EXTERNAL SOURCES:
  device_info_plus:
    :path: Flutter/ephemeral/.symlinks/plugins/device_info_plus/macos
  FlutterMacOS:
    :path: Flutter/ephemeral
  irondash_engine_context:
    :path: Flutter/ephemeral/.symlinks/plugins/irondash_engine_context/macos
  path_provider_foundation:
    :path: Flutter/ephemeral/.symlinks/plugins/path_provider_foundation/darwin
  rive_common:
    :path: Flutter/ephemeral/.symlinks/plugins/rive_common/macos
  screen_retriever:
    :path: Flutter/ephemeral/.symlinks/plugins/screen_retriever/macos
  sqlcipher_flutter_libs:
    :path: Flutter/ephemeral/.symlinks/plugins/sqlcipher_flutter_libs/macos
  super_native_extensions:
    :path: Flutter/ephemeral/.symlinks/plugins/super_native_extensions/macos
  url_launcher_macos:
    :path: Flutter/ephemeral/.symlinks/plugins/url_launcher_macos/macos
  window_manager:
    :path: Flutter/ephemeral/.symlinks/plugins/window_manager/macos

SPEC CHECKSUMS:
  device_info_plus: ce1b7762849d3ec103d0e0517299f2db7ad60720
  FlutterMacOS: 8f6f14fa908a6fb3fba0cd85dbd81ec4b251fb24
  irondash_engine_context: da62996ee25616d2f01bbeb85dc115d813359478
  path_provider_foundation: 3784922295ac71e43754bd15e0653ccfd36a147c
  rive_common: acedcab7802c0ece4b0d838b71d7deb637e1309a
  screen_retriever: 59634572a57080243dd1bf715e55b6c54f241a38
  SQLCipher: 838309284f29953a28ad2e81d87d55ea6b7c74fd
  sqlcipher_flutter_libs: eba6362bc0c24c4db90855bc06507ab25093f6d7
  super_native_extensions: 85efee3a7495b46b04befcfc86ed12069264ebf3
  url_launcher_macos: d2691c7dd33ed713bf3544850a623080ec693d95
  window_manager: 3a1844359a6295ab1e47659b1a777e36773cd6e8

PODFILE CHECKSUM: 236401fc2c932af29a9fcf0e97baeeb2d750d367

COCOAPODS: 1.15.2
